
Microsoft Visual Studio Solution File, Format Version 12.00
# Visual Studio Version 16
VisualStudioVersion = 16.0.29411.108
MinimumVisualStudioVersion = 10.0.40219.1
Project("{FAE04EC0-301F-11D3-BF4B-00C04F79EFBC}") = "ProyectoEmail.Android", "ProyectoEmail.Android\ProyectoEmail.Android.csproj", "{5FDD0171-9EFB-47F5-AD69-3B3DA66BC2F3}"
EndProject
Project("{FAE04EC0-301F-11D3-BF4B-00C04F79EFBC}") = "ProyectoEmail.iOS", "ProyectoEmail.iOS\ProyectoEmail.iOS.csproj", "{0BA18D5D-8C22-4E91-92C7-260EB818694D}"
EndProject
Project("{FAE04EC0-301F-11D3-BF4B-00C04F79EFBC}") = "ProyectoEmail", "ProyectoEmail\ProyectoEmail.csproj", "{BCAA466F-12C3-4474-9E79-655597ECE70F}"
EndProject
Global
	GlobalSection(SolutionConfigurationPlatforms) = preSolution
		Debug|Any CPU = Debug|Any CPU
		Debug|iPhone = Debug|iPhone
		Debug|iPhoneSimulator = Debug|iPhoneSimulator
		Release|Any CPU = Release|Any CPU
		Release|iPhone = Release|iPhone
		Release|iPhoneSimulator = Release|iPhoneSimulator
	EndGlobalSection
	GlobalSection(ProjectConfigurationPlatforms) = postSolution
		{5FDD0171-9EFB-47F5-AD69-3B3DA66BC2F3}.Debug|Any CPU.ActiveCfg = Debug|Any CPU
		{5FDD0171-9EFB-47F5-AD69-3B3DA66BC2F3}.Debug|Any CPU.Build.0 = Debug|Any CPU
		{5FDD0171-9EFB-47F5-AD69-3B3DA66BC2F3}.Debug|Any CPU.Deploy.0 = Debug|Any CPU
		{5FDD0171-9EFB-47F5-AD69-3B3DA66BC2F3}.Debug|iPhone.ActiveCfg = Debug|Any CPU
		{5FDD0171-9EFB-47F5-AD69-3B3DA66BC2F3}.Debug|iPhone.Build.0 = Debug|Any CPU
		{5FDD0171-9EFB-47F5-AD69-3B3DA66BC2F3}.Debug|iPhone.Deploy.0 = Debug|Any CPU
		{5FDD0171-9EFB-47F5-AD69-3B3DA66BC2F3}.Debug|iPhoneSimulator.ActiveCfg = Debug|Any CPU
		{5FDD0171-9EFB-47F5-AD69-3B3DA66BC2F3}.Debug|iPhoneSimulator.Build.0 = Debug|Any CPU
		{5FDD0171-9EFB-47F5-AD69-3B3DA66BC2F3}.Debug|iPhoneSimulator.Deploy.0 = Debug|Any CPU
		{5FDD0171-9EFB-47F5-AD69-3B3DA66BC2F3}.Release|Any CPU.ActiveCfg = Release|Any CPU
		{5FDD0171-9EFB-47F5-AD69-3B3DA66BC2F3}.Release|Any CPU.Build.0 = Release|Any CPU
		{5FDD0171-9EFB-47F5-AD69-3B3DA66BC2F3}.Release|Any CPU.Deploy.0 = Release|Any CPU
		{5FDD0171-9EFB-47F5-AD69-3B3DA66BC2F3}.Release|iPhone.ActiveCfg = Release|Any CPU
		{5FDD0171-9EFB-47F5-AD69-3B3DA66BC2F3}.Release|iPhone.Build.0 = Release|Any CPU
		{5FDD0171-9EFB-47F5-AD69-3B3DA66BC2F3}.Release|iPhone.Deploy.0 = Release|Any CPU
		{5FDD0171-9EFB-47F5-AD69-3B3DA66BC2F3}.Release|iPhoneSimulator.ActiveCfg = Release|Any CPU
		{5FDD0171-9EFB-47F5-AD69-3B3DA66BC2F3}.Release|iPhoneSimulator.Build.0 = Release|Any CPU
		{5FDD0171-9EFB-47F5-AD69-3B3DA66BC2F3}.Release|iPhoneSimulator.Deploy.0 = Release|Any CPU
		{0BA18D5D-8C22-4E91-92C7-260EB818694D}.Debug|Any CPU.ActiveCfg = Debug|iPhoneSimulator
		{0BA18D5D-8C22-4E91-92C7-260EB818694D}.Debug|Any CPU.Build.0 = Debug|iPhoneSimulator
		{0BA18D5D-8C22-4E91-92C7-260EB818694D}.Debug|Any CPU.Deploy.0 = Debug|iPhoneSimulator
		{0BA18D5D-8C22-4E91-92C7-260EB818694D}.Debug|iPhone.ActiveCfg = Debug|iPhone
		{0BA18D5D-8C22-4E91-92C7-260EB818694D}.Debug|iPhone.Build.0 = Debug|iPhone
		{0BA18D5D-8C22-4E91-92C7-260EB818694D}.Debug|iPhone.Deploy.0 = Debug|iPhone
		{0BA18D5D-8C22-4E91-92C7-260EB818694D}.Debug|iPhoneSimulator.ActiveCfg = Debug|iPhoneSimulator
		{0BA18D5D-8C22-4E91-92C7-260EB818694D}.Debug|iPhoneSimulator.Build.0 = Debug|iPhoneSimulator
		{0BA18D5D-8C22-4E91-92C7-260EB818694D}.Debug|iPhoneSimulator.Deploy.0 = Debug|iPhoneSimulator
		{0BA18D5D-8C22-4E91-92C7-260EB818694D}.Release|Any CPU.ActiveCfg = Release|iPhone
		{0BA18D5D-8C22-4E91-92C7-260EB818694D}.Release|Any CPU.Build.0 = Release|iPhone
		{0BA18D5D-8C22-4E91-92C7-260EB818694D}.Release|Any CPU.Deploy.0 = Release|iPhone
		{0BA18D5D-8C22-4E91-92C7-260EB818694D}.Release|iPhone.ActiveCfg = Release|iPhone
		{0BA18D5D-8C22-4E91-92C7-260EB818694D}.Release|iPhone.Build.0 = Release|iPhone
		{0BA18D5D-8C22-4E91-92C7-260EB818694D}.Release|iPhone.Deploy.0 = Release|iPhone
		{0BA18D5D-8C22-4E91-92C7-260EB818694D}.Release|iPhoneSimulator.ActiveCfg = Release|iPhoneSimulator
		{0BA18D5D-8C22-4E91-92C7-260EB818694D}.Release|iPhoneSimulator.Build.0 = Release|iPhoneSimulator
		{0BA18D5D-8C22-4E91-92C7-260EB818694D}.Release|iPhoneSimulator.Deploy.0 = Release|iPhoneSimulator
		{BCAA466F-12C3-4474-9E79-655597ECE70F}.Debug|Any CPU.ActiveCfg = Debug|Any CPU
		{BCAA466F-12C3-4474-9E79-655597ECE70F}.Debug|Any CPU.Build.0 = Debug|Any CPU
		{BCAA466F-12C3-4474-9E79-655597ECE70F}.Debug|Any CPU.Deploy.0 = Debug|Any CPU
		{BCAA466F-12C3-4474-9E79-655597ECE70F}.Debug|iPhone.ActiveCfg = Debug|Any CPU
		{BCAA466F-12C3-4474-9E79-655597ECE70F}.Debug|iPhone.Build.0 = Debug|Any CPU
		{BCAA466F-12C3-4474-9E79-655597ECE70F}.Debug|iPhone.Deploy.0 = Debug|Any CPU
		{BCAA466F-12C3-4474-9E79-655597ECE70F}.Debug|iPhoneSimulator.ActiveCfg = Debug|Any CPU
		{BCAA466F-12C3-4474-9E79-655597ECE70F}.Debug|iPhoneSimulator.Build.0 = Debug|Any CPU
		{BCAA466F-12C3-4474-9E79-655597ECE70F}.Debug|iPhoneSimulator.Deploy.0 = Debug|Any CPU
		{BCAA466F-12C3-4474-9E79-655597ECE70F}.Release|Any CPU.ActiveCfg = Release|Any CPU
		{BCAA466F-12C3-4474-9E79-655597ECE70F}.Release|Any CPU.Build.0 = Release|Any CPU
		{BCAA466F-12C3-4474-9E79-655597ECE70F}.Release|Any CPU.Deploy.0 = Release|Any CPU
		{BCAA466F-12C3-4474-9E79-655597ECE70F}.Release|iPhone.ActiveCfg = Release|Any CPU
		{BCAA466F-12C3-4474-9E79-655597ECE70F}.Release|iPhone.Build.0 = Release|Any CPU
		{BCAA466F-12C3-4474-9E79-655597ECE70F}.Release|iPhone.Deploy.0 = Release|Any CPU
		{BCAA466F-12C3-4474-9E79-655597ECE70F}.Release|iPhoneSimulator.ActiveCfg = Release|Any CPU
		{BCAA466F-12C3-4474-9E79-655597ECE70F}.Release|iPhoneSimulator.Build.0 = Release|Any CPU
		{BCAA466F-12C3-4474-9E79-655597ECE70F}.Release|iPhoneSimulator.Deploy.0 = Release|Any CPU
	EndGlobalSection
	GlobalSection(SolutionProperties) = preSolution
		HideSolutionNode = FALSE
	EndGlobalSection
	GlobalSection(ExtensibilityGlobals) = postSolution
		SolutionGuid = {3117A346-307C-4FC8-A8CA-626ABB7D309B}
	EndGlobalSection
EndGlobal
